
Microsoft Visual Studio Solution File, Format Version 11.00
# Visual Studio 2010
Project("{FAE04EC0-301F-11D3-BF4B-00C04F79EFBC}") = "Assembly-CSharp", "Assembly-CSharp.csproj", "{475110C0-C309-D1D6-EFDE-467F7450DFD2}"
EndProject
Project("{FAE04EC0-301F-11D3-BF4B-00C04F79EFBC}") = "Assembly-CSharp-firstpass", "Assembly-CSharp-firstpass.csproj", "{4D5A0668-9733-16D2-3388-052DC8949CC5}"
EndProject
Project("{FAE04EC0-301F-11D3-BF4B-00C04F79EFBC}") = "Assembly-CSharp-Editor-firstpass", "Assembly-CSharp-Editor-firstpass.csproj", "{5AB1A8C6-F2EB-828B-EC73-245DB212456F}"
EndProject
Project("{FAE04EC0-301F-11D3-BF4B-00C04F79EFBC}") = "Assembly-CSharp-Editor", "Assembly-CSharp-Editor.csproj", "{6CD7EFD4-774E-23FD-E8FB-1B88F00F2C6E}"
EndProject
Global
	GlobalSection(SolutionConfigurationPlatforms) = preSolution
		Debug|Any CPU = Debug|Any CPU
		Release|Any CPU = Release|Any CPU
	EndGlobalSection
	GlobalSection(ProjectConfigurationPlatforms) = postSolution
		{475110C0-C309-D1D6-EFDE-467F7450DFD2}.Debug|Any CPU.ActiveCfg = Debug|Any CPU
		{475110C0-C309-D1D6-EFDE-467F7450DFD2}.Debug|Any CPU.Build.0 = Debug|Any CPU
		{475110C0-C309-D1D6-EFDE-467F7450DFD2}.Release|Any CPU.ActiveCfg = Release|Any CPU
		{475110C0-C309-D1D6-EFDE-467F7450DFD2}.Release|Any CPU.Build.0 = Release|Any CPU
		{4D5A0668-9733-16D2-3388-052DC8949CC5}.Debug|Any CPU.ActiveCfg = Debug|Any CPU
		{4D5A0668-9733-16D2-3388-052DC8949CC5}.Debug|Any CPU.Build.0 = Debug|Any CPU
		{4D5A0668-9733-16D2-3388-052DC8949CC5}.Release|Any CPU.ActiveCfg = Release|Any CPU
		{4D5A0668-9733-16D2-3388-052DC8949CC5}.Release|Any CPU.Build.0 = Release|Any CPU
		{5AB1A8C6-F2EB-828B-EC73-245DB212456F}.Debug|Any CPU.ActiveCfg = Debug|Any CPU
		{5AB1A8C6-F2EB-828B-EC73-245DB212456F}.Debug|Any CPU.Build.0 = Debug|Any CPU
		{5AB1A8C6-F2EB-828B-EC73-245DB212456F}.Release|Any CPU.ActiveCfg = Release|Any CPU
		{5AB1A8C6-F2EB-828B-EC73-245DB212456F}.Release|Any CPU.Build.0 = Release|Any CPU
		{6CD7EFD4-774E-23FD-E8FB-1B88F00F2C6E}.Debug|Any CPU.ActiveCfg = Debug|Any CPU
		{6CD7EFD4-774E-23FD-E8FB-1B88F00F2C6E}.Debug|Any CPU.Build.0 = Debug|Any CPU
		{6CD7EFD4-774E-23FD-E8FB-1B88F00F2C6E}.Release|Any CPU.ActiveCfg = Release|Any CPU
		{6CD7EFD4-774E-23FD-E8FB-1B88F00F2C6E}.Release|Any CPU.Build.0 = Release|Any CPU
	EndGlobalSection
	GlobalSection(SolutionProperties) = preSolution
		HideSolutionNode = FALSE
	EndGlobalSection
	GlobalSection(MonoDevelopProperties) = preSolution
		StartupItem = Assembly-CSharp.csproj
	EndGlobalSection
EndGlobal
